
Microsoft Visual Studio Solution File, Format Version 12.00
# Visual Studio Version 17
VisualStudioVersion = 17.5.33530.505
MinimumVisualStudioVersion = 10.0.40219.1
Project("{FAE04EC0-301F-11D3-BF4B-00C04F79EFBC}") = "FrontDesk", "FrontDesk.csproj", "{1D095EF9-E625-4C3B-A102-FD6A63B64CEA}"
EndProject
Global
	GlobalSection(SolutionConfigurationPlatforms) = preSolution
		Debug|Any CPU = Debug|Any CPU
		Release|Any CPU = Release|Any CPU
	EndGlobalSection
	GlobalSection(ProjectConfigurationPlatforms) = postSolution
		{1D095EF9-E625-4C3B-A102-FD6A63B64CEA}.Debug|Any CPU.ActiveCfg = Debug|Any CPU
		{1D095EF9-E625-4C3B-A102-FD6A63B64CEA}.Debug|Any CPU.Build.0 = Debug|Any CPU
		{1D095EF9-E625-4C3B-A102-FD6A63B64CEA}.Release|Any CPU.ActiveCfg = Release|Any CPU
		{1D095EF9-E625-4C3B-A102-FD6A63B64CEA}.Release|Any CPU.Build.0 = Release|Any CPU
	EndGlobalSection
	GlobalSection(SolutionProperties) = preSolution
		HideSolutionNode = FALSE
	EndGlobalSection
	GlobalSection(ExtensibilityGlobals) = postSolution
		SolutionGuid = {C0481E30-6BE7-4483-9E3B-5C22BB12B39F}
	EndGlobalSection
EndGlobal
